
Microsoft Visual Studio Solution File, Format Version 12.00
# Visual Studio 15
VisualStudioVersion = 15.0.26124.0
MinimumVisualStudioVersion = 15.0.26124.0
Project("{FAE04EC0-301F-11D3-BF4B-00C04F79EFBC}") = "Domain", "Domain\Domain.csproj", "{46F90B39-1438-46D3-8ED2-00A3EB398844}"
EndProject
Project("{FAE04EC0-301F-11D3-BF4B-00C04F79EFBC}") = "Application", "Application\Application.csproj", "{05770335-41D0-4DF2-BD15-84AF335785FB}"
EndProject
Project("{FAE04EC0-301F-11D3-BF4B-00C04F79EFBC}") = "Persistence", "Persistence\Persistence.csproj", "{49F9C399-18B2-4C89-8F66-07136C7F77E7}"
EndProject
Project("{FAE04EC0-301F-11D3-BF4B-00C04F79EFBC}") = "API", "API\API.csproj", "{F8ECFE21-A708-4B0A-AEC6-086E0C1EFCDC}"
EndProject
Global
	GlobalSection(SolutionConfigurationPlatforms) = preSolution
		Debug|Any CPU = Debug|Any CPU
		Debug|x64 = Debug|x64
		Debug|x86 = Debug|x86
		Release|Any CPU = Release|Any CPU
		Release|x64 = Release|x64
		Release|x86 = Release|x86
	EndGlobalSection
	GlobalSection(SolutionProperties) = preSolution
		HideSolutionNode = FALSE
	EndGlobalSection
	GlobalSection(ProjectConfigurationPlatforms) = postSolution
		{46F90B39-1438-46D3-8ED2-00A3EB398844}.Debug|Any CPU.ActiveCfg = Debug|Any CPU
		{46F90B39-1438-46D3-8ED2-00A3EB398844}.Debug|Any CPU.Build.0 = Debug|Any CPU
		{46F90B39-1438-46D3-8ED2-00A3EB398844}.Debug|x64.ActiveCfg = Debug|Any CPU
		{46F90B39-1438-46D3-8ED2-00A3EB398844}.Debug|x64.Build.0 = Debug|Any CPU
		{46F90B39-1438-46D3-8ED2-00A3EB398844}.Debug|x86.ActiveCfg = Debug|Any CPU
		{46F90B39-1438-46D3-8ED2-00A3EB398844}.Debug|x86.Build.0 = Debug|Any CPU
		{46F90B39-1438-46D3-8ED2-00A3EB398844}.Release|Any CPU.ActiveCfg = Release|Any CPU
		{46F90B39-1438-46D3-8ED2-00A3EB398844}.Release|Any CPU.Build.0 = Release|Any CPU
		{46F90B39-1438-46D3-8ED2-00A3EB398844}.Release|x64.ActiveCfg = Release|Any CPU
		{46F90B39-1438-46D3-8ED2-00A3EB398844}.Release|x64.Build.0 = Release|Any CPU
		{46F90B39-1438-46D3-8ED2-00A3EB398844}.Release|x86.ActiveCfg = Release|Any CPU
		{46F90B39-1438-46D3-8ED2-00A3EB398844}.Release|x86.Build.0 = Release|Any CPU
		{05770335-41D0-4DF2-BD15-84AF335785FB}.Debug|Any CPU.ActiveCfg = Debug|Any CPU
		{05770335-41D0-4DF2-BD15-84AF335785FB}.Debug|Any CPU.Build.0 = Debug|Any CPU
		{05770335-41D0-4DF2-BD15-84AF335785FB}.Debug|x64.ActiveCfg = Debug|Any CPU
		{05770335-41D0-4DF2-BD15-84AF335785FB}.Debug|x64.Build.0 = Debug|Any CPU
		{05770335-41D0-4DF2-BD15-84AF335785FB}.Debug|x86.ActiveCfg = Debug|Any CPU
		{05770335-41D0-4DF2-BD15-84AF335785FB}.Debug|x86.Build.0 = Debug|Any CPU
		{05770335-41D0-4DF2-BD15-84AF335785FB}.Release|Any CPU.ActiveCfg = Release|Any CPU
		{05770335-41D0-4DF2-BD15-84AF335785FB}.Release|Any CPU.Build.0 = Release|Any CPU
		{05770335-41D0-4DF2-BD15-84AF335785FB}.Release|x64.ActiveCfg = Release|Any CPU
		{05770335-41D0-4DF2-BD15-84AF335785FB}.Release|x64.Build.0 = Release|Any CPU
		{05770335-41D0-4DF2-BD15-84AF335785FB}.Release|x86.ActiveCfg = Release|Any CPU
		{05770335-41D0-4DF2-BD15-84AF335785FB}.Release|x86.Build.0 = Release|Any CPU
		{49F9C399-18B2-4C89-8F66-07136C7F77E7}.Debug|Any CPU.ActiveCfg = Debug|Any CPU
		{49F9C399-18B2-4C89-8F66-07136C7F77E7}.Debug|Any CPU.Build.0 = Debug|Any CPU
		{49F9C399-18B2-4C89-8F66-07136C7F77E7}.Debug|x64.ActiveCfg = Debug|Any CPU
		{49F9C399-18B2-4C89-8F66-07136C7F77E7}.Debug|x64.Build.0 = Debug|Any CPU
		{49F9C399-18B2-4C89-8F66-07136C7F77E7}.Debug|x86.ActiveCfg = Debug|Any CPU
		{49F9C399-18B2-4C89-8F66-07136C7F77E7}.Debug|x86.Build.0 = Debug|Any CPU
		{49F9C399-18B2-4C89-8F66-07136C7F77E7}.Release|Any CPU.ActiveCfg = Release|Any CPU
		{49F9C399-18B2-4C89-8F66-07136C7F77E7}.Release|Any CPU.Build.0 = Release|Any CPU
		{49F9C399-18B2-4C89-8F66-07136C7F77E7}.Release|x64.ActiveCfg = Release|Any CPU
		{49F9C399-18B2-4C89-8F66-07136C7F77E7}.Release|x64.Build.0 = Release|Any CPU
		{49F9C399-18B2-4C89-8F66-07136C7F77E7}.Release|x86.ActiveCfg = Release|Any CPU
		{49F9C399-18B2-4C89-8F66-07136C7F77E7}.Release|x86.Build.0 = Release|Any CPU
		{F8ECFE21-A708-4B0A-AEC6-086E0C1EFCDC}.Debug|Any CPU.ActiveCfg = Debug|Any CPU
		{F8ECFE21-A708-4B0A-AEC6-086E0C1EFCDC}.Debug|Any CPU.Build.0 = Debug|Any CPU
		{F8ECFE21-A708-4B0A-AEC6-086E0C1EFCDC}.Debug|x64.ActiveCfg = Debug|Any CPU
		{F8ECFE21-A708-4B0A-AEC6-086E0C1EFCDC}.Debug|x64.Build.0 = Debug|Any CPU
		{F8ECFE21-A708-4B0A-AEC6-086E0C1EFCDC}.Debug|x86.ActiveCfg = Debug|Any CPU
		{F8ECFE21-A708-4B0A-AEC6-086E0C1EFCDC}.Debug|x86.Build.0 = Debug|Any CPU
		{F8ECFE21-A708-4B0A-AEC6-086E0C1EFCDC}.Release|Any CPU.ActiveCfg = Release|Any CPU
		{F8ECFE21-A708-4B0A-AEC6-086E0C1EFCDC}.Release|Any CPU.Build.0 = Release|Any CPU
		{F8ECFE21-A708-4B0A-AEC6-086E0C1EFCDC}.Release|x64.ActiveCfg = Release|Any CPU
		{F8ECFE21-A708-4B0A-AEC6-086E0C1EFCDC}.Release|x64.Build.0 = Release|Any CPU
		{F8ECFE21-A708-4B0A-AEC6-086E0C1EFCDC}.Release|x86.ActiveCfg = Release|Any CPU
		{F8ECFE21-A708-4B0A-AEC6-086E0C1EFCDC}.Release|x86.Build.0 = Release|Any CPU
	EndGlobalSection
EndGlobal
